
Microsoft Visual Studio Solution File, Format Version 12.00
# Visual Studio Version 17
VisualStudioVersion = 17.7.34003.232
MinimumVisualStudioVersion = 10.0.40219.1
Project("{FAE04EC0-301F-11D3-BF4B-00C04F79EFBC}") = "MySite2", "MySite2\MySite2.csproj", "{9AAB61DC-01C3-4B25-AFD4-4A7153B8FAF1}"
EndProject
Global
	GlobalSection(SolutionConfigurationPlatforms) = preSolution
		Debug|Any CPU = Debug|Any CPU
		Release|Any CPU = Release|Any CPU
	EndGlobalSection
	GlobalSection(ProjectConfigurationPlatforms) = postSolution
		{9AAB61DC-01C3-4B25-AFD4-4A7153B8FAF1}.Debug|Any CPU.ActiveCfg = Debug|Any CPU
		{9AAB61DC-01C3-4B25-AFD4-4A7153B8FAF1}.Debug|Any CPU.Build.0 = Debug|Any CPU
		{9AAB61DC-01C3-4B25-AFD4-4A7153B8FAF1}.Release|Any CPU.ActiveCfg = Release|Any CPU
		{9AAB61DC-01C3-4B25-AFD4-4A7153B8FAF1}.Release|Any CPU.Build.0 = Release|Any CPU
	EndGlobalSection
	GlobalSection(SolutionProperties) = preSolution
		HideSolutionNode = FALSE
	EndGlobalSection
	GlobalSection(ExtensibilityGlobals) = postSolution
		SolutionGuid = {407602FD-D3EA-46AB-BDF0-3181D6DE420E}
	EndGlobalSection
EndGlobal
